{
  "name": "paste-to-markdown",
  "version": "1.0.4",
  "lockfileVersion": 3,
  "requires": true,
  "packages": {
    "": {
      "name": "paste-to-markdown",
      "version": "1.0.4",
      "license": "MIT",
      "devDependencies": {
        "@playwright/test": "^1.64.0",
        "monocart-coverage-reports": "^2.13.2"
      },
      "engines": {
        "node": ">=22.12.0"
      }
    },
    "node_modules/@playwright/test": {
      "version": "1.64.0",
      "resolved": "https://registry.npmjs.org/@playwright/test/-/test-1.64.0.tgz",
      "integrity": "sha512-oTN9FNYuN6bqQMwiho6jJKLCG2/QOYCixGXuCjRmzOq23eODeukuY2XiAVoVpAECbuezMt1MHQjAiQxK8F+Y+g==",
      "dev": true,
      "license": "Apache-2.0",
      "dependencies": {
        "playwright": "1.64.0"
      },
      "bin": {
        "playwright": "cli.js"
      },
      "engines": {
        "node": ">=20"
      }
    },
    "node_modules/acorn": {
      "version": "8.19.0",
      "resolved": "https://registry.npmjs.org/acorn/-/acorn-8.19.0.tgz",
      "integrity": "sha512-oJlA3XiRm7Cyk6qFD2Jn8ak9B7jSy0qy00ADO3+8dpT0LSjFihQYv4C02LFCSYJV3Q37xYwwRy5m+IpIiUzqWw==",
      "dev": true,
      "license": "MIT",
      "bin": {
        "acorn": "bin/acorn"
      },
      "engines": {
        "node": ">=0.4.0"
      }
    },
    "node_modules/acorn-loose": {
      "version": "8.5.2",
      "resolved": "https://registry.npmjs.org/acorn-loose/-/acorn-loose-8.5.2.tgz",
      "integrity": "sha512-PPvV6g8UGMGgjrMu+n/f9E/tCSkNQ2Y97eFvuVdJfG11+xdIeDcLyNdC8SHcrHbRqkfwLASdplyR6B6sKM1U4A==",
      "dev": true,
      "license": "MIT",
      "dependencies": {
        "acorn": "^8.15.0"
      },
      "engines": {
        "node": ">=0.4.0"
      }
    },
    "node_modules/acorn-walk": {
      "version": "8.3.5",
      "resolved": "https://registry.npmjs.org/acorn-walk/-/acorn-walk-8.3.5.tgz",
      "integrity": "sha512-HEHNfbars9v4pgpW6SO1KSPkfoS0xVOM/9UzkJltjlsHZmJasxg8aXkuZa7SMf8vKGIBhpUsPluQSqhJFCqebw==",
      "dev": true,
      "license": "MIT",
      "dependencies": {
        "acorn": "^8.11.0"
      },
      "engines": {
        "node": ">=0.4.0"
      }
    },
    "node_modules/commander": {
      "version": "15.0.0",
      "resolved": "https://registry.npmjs.org/commander/-/commander-15.0.0.tgz",
      "integrity": "sha512-z67u4ZhzCL/Tydu1lJARtEZYWbWaN7oYLHbsuzocr6y4N6WZAagG3RQ4FW61V1/0+jImpj293XfrcYnd1qxtPg==",
      "dev": true,
      "license": "MIT",
      "engines": {
        "node": ">=22.12.0"
      }
    },
    "node_modules/console-grid": {
      "version": "2.2.4",
      "resolved": "https://registry.npmjs.org/console-grid/-/console-grid-2.2.4.tgz",
      "integrity": "sha512-OLjCRTiHhOpTRo9lQp/2FgJDyq5uQHwkEmVJulEnQ6JVf27oKKzXHZnNOv/e72V4++UdMZCrDWtvXW5sx4lyQg==",
      "dev": true,
      "license": "MIT"
    },
    "node_modules/eight-colors": {
      "version": "1.3.3",
      "resolved": "https://registry.npmjs.org/eight-colors/-/eight-colors-1.3.3.tgz",
      "integrity": "sha512-4B54S2Qi4pJjeHmCbDIsveQZWQ/TSSQng4ixYJ9/SYHHpeS5nYK0pzcHvWzWUfRsvJQjwoIENhAwqg59thQceg==",
      "dev": true,
      "license": "MIT"
    },
    "node_modules/foreground-child": {
      "version": "4.0.3",
      "resolved": "https://registry.npmjs.org/foreground-child/-/foreground-child-4.0.3.tgz",
      "integrity": "sha512-yeXZaNbCBGaT9giTpLPBdtedzjwhlJBUoL/R4BVQU5mn0TQXOHwVIl1Q2DMuBIdNno4ktA1abZ7dQFVxD6uHxw==",
      "dev": true,
      "license": "BlueOak-1.0.0",
      "dependencies": {
        "signal-exit": "^4.0.1"
      },
      "engines": {
        "node": ">=16"
      },
      "funding": {
        "url": "https://github.com/sponsors/isaacs"
      }
    },
    "node_modules/has-flag": {
      "version": "4.0.0",
      "resolved": "https://registry.npmjs.org/has-flag/-/has-flag-4.0.0.tgz",
      "integrity": "sha512-EykJT/Q1KjTWctppgIAgfSO0tKVuZUjhgMr17kqTumMl6Afv3EISleU7qZUzoXDFTAHTDC4NOoG/ZxU3EvlMPQ==",
      "dev": true,
      "license": "MIT",
      "engines": {
        "node": ">=8"
      }
    },
    "node_modules/html-escaper": {
      "version": "2.0.2",
      "resolved": "https://registry.npmjs.org/html-escaper/-/html-escaper-2.0.2.tgz",
      "integrity": "sha512-H2iMtd0I4Mt5eYiapRdIDjp+XzelXQ0tFE4JS7YFwFevXXMmOp9myNrUvCg0D6ws8iqkRPBfKHgbwig1SmlLfg==",
      "dev": true,
      "license": "MIT"
    },
    "node_modules/istanbul-lib-coverage": {
      "version": "3.2.2",
      "resolved": "https://registry.npmjs.org/istanbul-lib-coverage/-/istanbul-lib-coverage-3.2.2.tgz",
      "integrity": "sha512-O8dpsF+r0WV/8MNRKfnmrtCWhuKjxrq2w+jpzBL5UZKTi2LeVWnWOmWRxFlesJONmc+wLAGvKQZEOanko0LFTg==",
      "dev": true,
      "license": "BSD-3-Clause",
      "engines": {
        "node": ">=8"
      }
    },
    "node_modules/istanbul-lib-report": {
      "version": "3.0.1",
      "resolved": "https://registry.npmjs.org/istanbul-lib-report/-/istanbul-lib-report-3.0.1.tgz",
      "integrity": "sha512-GCfE1mtsHGOELCU8e/Z7YWzpmybrx/+dSTfLrvY8qRmaY6zXTKWn6WQIjaAFw069icm6GVMNkgu0NzI4iPZUNw==",
      "dev": true,
      "license": "BSD-3-Clause",
      "dependencies": {
        "istanbul-lib-coverage": "^3.0.0",
        "make-dir": "^4.0.0",
        "supports-color": "^7.1.0"
      },
      "engines": {
        "node": ">=10"
      }
    },
    "node_modules/istanbul-reports": {
      "version": "3.2.0",
      "resolved": "https://registry.npmjs.org/istanbul-reports/-/istanbul-reports-3.2.0.tgz",
      "integrity": "sha512-HGYWWS/ehqTV3xN10i23tkPkpH46MLCIMFNCaaKNavAXTF1RkqxawEPtnjnGZ6XKSInBKkiOA5BKS+aZiY3AvA==",
      "dev": true,
      "license": "BSD-3-Clause",
      "dependencies": {
        "html-escaper": "^2.0.0",
        "istanbul-lib-report": "^3.0.0"
      },
      "engines": {
        "node": ">=8"
      }
    },
    "node_modules/lz-utils": {
      "version": "2.1.1",
      "resolved": "https://registry.npmjs.org/lz-utils/-/lz-utils-2.1.1.tgz",
      "integrity": "sha512-d3Thjos0PSJQAoyMj6vipSSrtrRHS7DImqUNR8x9NW3+zQIftPIbMJAWhi5nPdg5Q9zHz6lxtN8kp/VdMlhi/Q==",
      "dev": true,
      "license": "MIT"
    },
    "node_modules/make-dir": {
      "version": "4.0.0",
      "resolved": "https://registry.npmjs.org/make-dir/-/make-dir-4.0.0.tgz",
      "integrity": "sha512-hXdUTZYIVOt1Ex//jAQi+wTZZpUpwBj/0QsOzqegb3rGMMeJiSEu5xLHnYfBrRV4RH2+OCSOO95Is/7x1WJ4bw==",
      "dev": true,
      "license": "MIT",
      "dependencies": {
        "semver": "^7.5.3"
      },
      "engines": {
        "node": ">=10"
      },
      "funding": {
        "url": "https://github.com/sponsors/sindresorhus"
      }
    },
    "node_modules/monocart-coverage-reports": {
      "version": "2.13.2",
      "resolved": "https://registry.npmjs.org/monocart-coverage-reports/-/monocart-coverage-reports-2.13.2.tgz",
      "integrity": "sha512-G6m6BO3wzidg9UrK2JRMW+err7OxB+iFn0kWkprQyHTUtvbv9vM8u0SrgHW1rWpOQXC4eB+nvat/xa7mLDE/9w==",
      "dev": true,
      "license": "MIT",
      "dependencies": {
        "acorn": "^8.19.0",
        "acorn-loose": "^8.5.2",
        "acorn-walk": "^8.3.5",
        "commander": "^15.0.0",
        "console-grid": "^2.2.4",
        "eight-colors": "^1.3.3",
        "foreground-child": "^4.0.3",
        "istanbul-lib-coverage": "^3.2.2",
        "istanbul-lib-report": "^3.0.1",
        "istanbul-reports": "^3.2.0",
        "lz-utils": "^2.1.1",
        "monocart-locator": "^1.0.6"
      },
      "bin": {
        "mcr": "lib/cli.js"
      }
    },
    "node_modules/monocart-locator": {
      "version": "1.0.6",
      "resolved": "https://registry.npmjs.org/monocart-locator/-/monocart-locator-1.0.6.tgz",
      "integrity": "sha512-P4DCDxeOhy59KexF3yx/kD7y64HVxHO0lskxjxAML9kTOvQnD2jTpZWFQFEFyyABx32at3t77mWLKftFfk1wHQ==",
      "dev": true,
      "license": "MIT"
    },
    "node_modules/playwright": {
      "version": "1.64.0",
      "resolved": "https://registry.npmjs.org/playwright/-/playwright-1.64.0.tgz",
      "integrity": "sha512-kVzTnYFYEyQ9RGzBjNCd2+yEqWmVbxl3AHPynv3qQ6JTjv4a+kwRcnqQwIpuP3NnrnIrE/Q6wWAIAvMfIE2/Yg==",
      "dev": true,
      "license": "Apache-2.0",
      "dependencies": {
        "playwright-core": "1.64.0"
      },
      "bin": {
        "playwright": "cli.js"
      },
      "engines": {
        "node": ">=20"
      }
    },
    "node_modules/playwright-core": {
      "version": "1.64.0",
      "resolved": "https://registry.npmjs.org/playwright-core/-/playwright-core-1.64.0.tgz",
      "integrity": "sha512-T9r+MZkTECl2+oUcZ26YgZzTrYidTsIhYYkJix+6iDOymOb1FB2RLLSOxRGnZGv5DStt+aduIVbt+E8WygXYpg==",
      "dev": true,
      "license": "Apache-2.0",
      "bin": {
        "playwright-core": "cli.js"
      },
      "engines": {
        "node": ">=20"
      }
    },
    "node_modules/semver": {
      "version": "7.8.5",
      "resolved": "https://registry.npmjs.org/semver/-/semver-7.8.5.tgz",
      "integrity": "sha512-Y7/KDsb8LjooZpwaqGyulO6DQlksgCncchHGk+sZIY4SBvUocMBEFH5Ur1fI4dV+Jvl0w6cjvucaIi40puRioA==",
      "dev": true,
      "license": "ISC",
      "bin": {
        "semver": "bin/semver.js"
      },
      "engines": {
        "node": ">=10"
      }
    },
    "node_modules/signal-exit": {
      "version": "4.1.0",
      "resolved": "https://registry.npmjs.org/signal-exit/-/signal-exit-4.1.0.tgz",
      "integrity": "sha512-bzyZ1e88w9O1iNJbKnOlvYTrWPDl46O1bG0D3XInv+9tkPrxrN8jUUTiFlDkkmKWgn1M6CfIA13SuGqOa9Korw==",
      "dev": true,
      "license": "ISC",
      "engines": {
        "node": ">=14"
      },
      "funding": {
        "url": "https://github.com/sponsors/isaacs"
      }
    },
    "node_modules/supports-color": {
      "version": "7.2.0",
      "resolved": "https://registry.npmjs.org/supports-color/-/supports-color-7.2.0.tgz",
      "integrity": "sha512-qpCAvRl9stuOHveKsn7HncJRvv501qIacKzQlO/+Lwxc9+0q2wLyv4Dfvt80/DPn2pqOBsJdDiogXGR9+OvwRw==",
      "dev": true,
      "license": "MIT",
      "dependencies": {
        "has-flag": "^4.0.0"
      },
      "engines": {
        "node": ">=8"
      }
    }
  }
}
